
Microsoft Visual Studio Solution File, Format Version 12.00
# Visual Studio Version 17
VisualStudioVersion = 17.4.33213.308
MinimumVisualStudioVersion = 10.0.40219.1
Project("{FAE04EC0-301F-11D3-BF4B-00C04F79EFBC}") = "5_11_QuanLyBanh", "5_11_QuanLyBanh\5_11_QuanLyBanh.csproj", "{58A034CA-422C-4C1F-B0B5-66910DA275B6}"
EndProject
Global
	GlobalSection(SolutionConfigurationPlatforms) = preSolution
		Debug|Any CPU = Debug|Any CPU
		Release|Any CPU = Release|Any CPU
	EndGlobalSection
	GlobalSection(ProjectConfigurationPlatforms) = postSolution
		{58A034CA-422C-4C1F-B0B5-66910DA275B6}.Debug|Any CPU.ActiveCfg = Debug|Any CPU
		{58A034CA-422C-4C1F-B0B5-66910DA275B6}.Debug|Any CPU.Build.0 = Debug|Any CPU
		{58A034CA-422C-4C1F-B0B5-66910DA275B6}.Release|Any CPU.ActiveCfg = Release|Any CPU
		{58A034CA-422C-4C1F-B0B5-66910DA275B6}.Release|Any CPU.Build.0 = Release|Any CPU
	EndGlobalSection
	GlobalSection(SolutionProperties) = preSolution
		HideSolutionNode = FALSE
	EndGlobalSection
	GlobalSection(ExtensibilityGlobals) = postSolution
		SolutionGuid = {8EB8DC51-70C0-4E0F-AA07-AE4F70DE0549}
	EndGlobalSection
EndGlobal
